// !$*UTF8*$!
{
	archiveVersion = 1;
	classes = {
	};
	objectVersion = 56;
	objects = {

/* Begin PBXBuildFile section */
		80CB85162A04F40E00190274 /* mydesignpatternappApp.swift in Sources */ = {isa = PBXBuildFile; fileRef = 80CB85152A04F40E00190274 /* mydesignpatternappApp.swift */; };
		80CB85182A04F40E00190274 /* ContentView.swift in Sources */ = {isa = PBXBuildFile; fileRef = 80CB85172A04F40E00190274 /* ContentView.swift */; };
		80CB851A2A04F41000190274 /* Assets.xcassets in Resources */ = {isa = PBXBuildFile; fileRef = 80CB85192A04F41000190274 /* Assets.xcassets */; };
		80CB851D2A04F41000190274 /* Preview Assets.xcassets in Resources */ = {isa = PBXBuildFile; fileRef = 80CB851C2A04F41000190274 /* Preview Assets.xcassets */; };
		80CB85252A04F42B00190274 /* DataState.swift in Sources */ = {isa = PBXBuildFile; fileRef = 80CB85242A04F42B00190274 /* DataState.swift */; };
		80CB85282A04F59400190274 /* Alamofire in Frameworks */ = {isa = PBXBuildFile; productRef = 80CB85272A04F59400190274 /* Alamofire */; };
		80CB852A2A04F61600190274 /* CatsApiService.swift in Sources */ = {isa = PBXBuildFile; fileRef = 80CB85292A04F61600190274 /* CatsApiService.swift */; };
		80CB852D2A04F68800190274 /* FactModel.swift in Sources */ = {isa = PBXBuildFile; fileRef = 80CB852C2A04F68800190274 /* FactModel.swift */; };
		80CB852F2A04F7A800190274 /* Utils.swift in Sources */ = {isa = PBXBuildFile; fileRef = 80CB852E2A04F7A800190274 /* Utils.swift */; };
		80CB85332A04F8B300190274 /* SwiftyJSON in Frameworks */ = {isa = PBXBuildFile; productRef = 80CB85322A04F8B300190274 /* SwiftyJSON */; };
		80CB85352A04FC7F00190274 /* MyDecoder.swift in Sources */ = {isa = PBXBuildFile; fileRef = 80CB85342A04FC7F00190274 /* MyDecoder.swift */; };
		80CB85372A0501F400190274 /* CatRepository.swift in Sources */ = {isa = PBXBuildFile; fileRef = 80CB85362A0501F400190274 /* CatRepository.swift */; };
		80CB853B2A05050B00190274 /* CatViewModel.swift in Sources */ = {isa = PBXBuildFile; fileRef = 80CB853A2A05050B00190274 /* CatViewModel.swift */; };
		80CB853D2A051CEE00190274 /* ErrorType.swift in Sources */ = {isa = PBXBuildFile; fileRef = 80CB853C2A051CEE00190274 /* ErrorType.swift */; };
/* End PBXBuildFile section */

/* Begin PBXFileReference section */
		80CB85122A04F40E00190274 /* mydesignpatternapp.app */ = {isa = PBXFileReference; explicitFileType = wrapper.application; includeInIndex = 0; path = mydesignpatternapp.app; sourceTree = BUILT_PRODUCTS_DIR; };
		80CB85152A04F40E00190274 /* mydesignpatternappApp.swift */ = {isa = PBXFileReference; lastKnownFileType = sourcecode.swift; path = mydesignpatternappApp.swift; sourceTree = "<group>"; };
		80CB85172A04F40E00190274 /* ContentView.swift */ = {isa = PBXFileReference; lastKnownFileType = sourcecode.swift; path = ContentView.swift; sourceTree = "<group>"; };
		80CB85192A04F41000190274 /* Assets.xcassets */ = {isa = PBXFileReference; lastKnownFileType = folder.assetcatalog; path = Assets.xcassets; sourceTree = "<group>"; };
		80CB851C2A04F41000190274 /* Preview Assets.xcassets */ = {isa = PBXFileReference; lastKnownFileType = folder.assetcatalog; path = "Preview Assets.xcassets"; sourceTree = "<group>"; };
		80CB85242A04F42B00190274 /* DataState.swift */ = {isa = PBXFileReference; lastKnownFileType = sourcecode.swift; path = DataState.swift; sourceTree = "<group>"; };
		80CB85292A04F61600190274 /* CatsApiService.swift */ = {isa = PBXFileReference; lastKnownFileType = sourcecode.swift; path = CatsApiService.swift; sourceTree = "<group>"; };
		80CB852C2A04F68800190274 /* FactModel.swift */ = {isa = PBXFileReference; lastKnownFileType = sourcecode.swift; path = FactModel.swift; sourceTree = "<group>"; };
		80CB852E2A04F7A800190274 /* Utils.swift */ = {isa = PBXFileReference; lastKnownFileType = sourcecode.swift; path = Utils.swift; sourceTree = "<group>"; };
		80CB85342A04FC7F00190274 /* MyDecoder.swift */ = {isa = PBXFileReference; lastKnownFileType = sourcecode.swift; path = MyDecoder.swift; sourceTree = "<group>"; };
		80CB85362A0501F400190274 /* CatRepository.swift */ = {isa = PBXFileReference; lastKnownFileType = sourcecode.swift; path = CatRepository.swift; sourceTree = "<group>"; };
		80CB853A2A05050B00190274 /* CatViewModel.swift */ = {isa = PBXFileReference; lastKnownFileType = sourcecode.swift; path = CatViewModel.swift; sourceTree = "<group>"; };
		80CB853C2A051CEE00190274 /* ErrorType.swift */ = {isa = PBXFileReference; lastKnownFileType = sourcecode.swift; path = ErrorType.swift; sourceTree = "<group>"; };
/* End PBXFileReference section */

/* Begin PBXFrameworksBuildPhase section */
		80CB850F2A04F40E00190274 /* Frameworks */ = {
			isa = PBXFrameworksBuildPhase;
			buildActionMask = 2147483647;
			files = (
				80CB85332A04F8B300190274 /* SwiftyJSON in Frameworks */,
				80CB85282A04F59400190274 /* Alamofire in Frameworks */,
			);
			runOnlyForDeploymentPostprocessing = 0;
		};
/* End PBXFrameworksBuildPhase section */

/* Begin PBXGroup section */
		80CB85092A04F40E00190274 = {
			isa = PBXGroup;
			children = (
				80CB85142A04F40E00190274 /* mydesignpatternapp */,
				80CB85132A04F40E00190274 /* Products */,
			);
			sourceTree = "<group>";
		};
		80CB85132A04F40E00190274 /* Products */ = {
			isa = PBXGroup;
			children = (
				80CB85122A04F40E00190274 /* mydesignpatternapp.app */,
			);
			name = Products;
			sourceTree = "<group>";
		};
		80CB85142A04F40E00190274 /* mydesignpatternapp */ = {
			isa = PBXGroup;
			children = (
				80CB85302A04F7AC00190274 /* utils */,
				80CB85232A04F41F00190274 /* api */,
				80CB852B2A04F68000190274 /* models */,
				80CB85382A0501FA00190274 /* repo */,
				80CB85392A0504FE00190274 /* viewmodels */,
				80CB85152A04F40E00190274 /* mydesignpatternappApp.swift */,
				80CB85172A04F40E00190274 /* ContentView.swift */,
				80CB85192A04F41000190274 /* Assets.xcassets */,
				80CB851B2A04F41000190274 /* Preview Content */,
			);
			path = mydesignpatternapp;
			sourceTree = "<group>";
		};
		80CB851B2A04F41000190274 /* Preview Content */ = {
			isa = PBXGroup;
			children = (
				80CB851C2A04F41000190274 /* Preview Assets.xcassets */,
			);
			path = "Preview Content";
			sourceTree = "<group>";
		};
		80CB85232A04F41F00190274 /* api */ = {
			isa = PBXGroup;
			children = (
				80CB85292A04F61600190274 /* CatsApiService.swift */,
			);
			path = api;
			sourceTree = "<group>";
		};
		80CB852B2A04F68000190274 /* models */ = {
			isa = PBXGroup;
			children = (
				80CB852C2A04F68800190274 /* FactModel.swift */,
			);
			path = models;
			sourceTree = "<group>";
		};
		80CB85302A04F7AC00190274 /* utils */ = {
			isa = PBXGroup;
			children = (
				80CB85242A04F42B00190274 /* DataState.swift */,
				80CB85342A04FC7F00190274 /* MyDecoder.swift */,
				80CB852E2A04F7A800190274 /* Utils.swift */,
				80CB853C2A051CEE00190274 /* ErrorType.swift */,
			);
			path = utils;
			sourceTree = "<group>";
		};
		80CB85382A0501FA00190274 /* repo */ = {
			isa = PBXGroup;
			children = (
				80CB85362A0501F400190274 /* CatRepository.swift */,
			);
			path = repo;
			sourceTree = "<group>";
		};
		80CB85392A0504FE00190274 /* viewmodels */ = {
			isa = PBXGroup;
			children = (
				80CB853A2A05050B00190274 /* CatViewModel.swift */,
			);
			path = viewmodels;
			sourceTree = "<group>";
		};
/* End PBXGroup section */

/* Begin PBXNativeTarget section */
		80CB85112A04F40E00190274 /* mydesignpatternapp */ = {
			isa = PBXNativeTarget;
			buildConfigurationList = 80CB85202A04F41000190274 /* Build configuration list for PBXNativeTarget "mydesignpatternapp" */;
			buildPhases = (
				80CB850E2A04F40E00190274 /* Sources */,
				80CB850F2A04F40E00190274 /* Frameworks */,
				80CB85102A04F40E00190274 /* Resources */,
			);
			buildRules = (
			);
			dependencies = (
			);
			name = mydesignpatternapp;
			packageProductDependencies = (
				80CB85272A04F59400190274 /* Alamofire */,
				80CB85322A04F8B300190274 /* SwiftyJSON */,
			);
			productName = mydesignpatternapp;
			productReference = 80CB85122A04F40E00190274 /* mydesignpatternapp.app */;
			productType = "com.apple.product-type.application";
		};
/* End PBXNativeTarget section */

/* Begin PBXProject section */
		80CB850A2A04F40E00190274 /* Project object */ = {
			isa = PBXProject;
			attributes = {
				BuildIndependentTargetsInParallel = 1;
				LastSwiftUpdateCheck = 1430;
				LastUpgradeCheck = 1430;
				TargetAttributes = {
					80CB85112A04F40E00190274 = {
						CreatedOnToolsVersion = 14.3;
					};
				};
			};
			buildConfigurationList = 80CB850D2A04F40E00190274 /* Build configuration list for PBXProject "mydesignpatternapp" */;
			compatibilityVersion = "Xcode 14.0";
			developmentRegion = en;
			hasScannedForEncodings = 0;
			knownRegions = (
				en,
				Base,
			);
			mainGroup = 80CB85092A04F40E00190274;
			packageReferences = (
				80CB85262A04F59400190274 /* XCRemoteSwiftPackageReference "Alamofire" */,
				80CB85312A04F8B300190274 /* XCRemoteSwiftPackageReference "SwiftyJSON" */,
			);
			productRefGroup = 80CB85132A04F40E00190274 /* Products */;
			projectDirPath = "";
			projectRoot = "";
			targets = (
				80CB85112A04F40E00190274 /* mydesignpatternapp */,
			);
		};
/* End PBXProject section */

/* Begin PBXResourcesBuildPhase section */
		80CB85102A04F40E00190274 /* Resources */ = {
			isa = PBXResourcesBuildPhase;
			buildActionMask = 2147483647;
			files = (
				80CB851D2A04F41000190274 /* Preview Assets.xcassets in Resources */,
				80CB851A2A04F41000190274 /* Assets.xcassets in Resources */,
			);
			runOnlyForDeploymentPostprocessing = 0;
		};
/* End PBXResourcesBuildPhase section */

/* Begin PBXSourcesBuildPhase section */
		80CB850E2A04F40E00190274 /* Sources */ = {
			isa = PBXSourcesBuildPhase;
			buildActionMask = 2147483647;
			files = (
				80CB85252A04F42B00190274 /* DataState.swift in Sources */,
				80CB85182A04F40E00190274 /* ContentView.swift in Sources */,
				80CB852A2A04F61600190274 /* CatsApiService.swift in Sources */,
				80CB85372A0501F400190274 /* CatRepository.swift in Sources */,
				80CB85352A04FC7F00190274 /* MyDecoder.swift in Sources */,
				80CB853B2A05050B00190274 /* CatViewModel.swift in Sources */,
				80CB853D2A051CEE00190274 /* ErrorType.swift in Sources */,
				80CB852D2A04F68800190274 /* FactModel.swift in Sources */,
				80CB85162A04F40E00190274 /* mydesignpatternappApp.swift in Sources */,
				80CB852F2A04F7A800190274 /* Utils.swift in Sources */,
			);
			runOnlyForDeploymentPostprocessing = 0;
		};
/* End PBXSourcesBuildPhase section */

/* Begin XCBuildConfiguration section */
		80CB851E2A04F41000190274 /* Debug */ = {
			isa = XCBuildConfiguration;
			buildSettings = {
				ALWAYS_SEARCH_USER_PATHS = NO;
				CLANG_ANALYZER_NONNULL = YES;
				CLANG_ANALYZER_NUMBER_OBJECT_CONVERSION = YES_AGGRESSIVE;
				CLANG_CXX_LANGUAGE_STANDARD = "gnu++20";
				CLANG_ENABLE_MODULES = YES;
				CLANG_ENABLE_OBJC_ARC = YES;
				CLANG_ENABLE_OBJC_WEAK = YES;
				CLANG_WARN_BLOCK_CAPTURE_AUTORELEASING = YES;
				CLANG_WARN_BOOL_CONVERSION = YES;
				CLANG_WARN_COMMA = YES;
				CLANG_WARN_CONSTANT_CONVERSION = YES;
				CLANG_WARN_DEPRECATED_OBJC_IMPLEMENTATIONS = YES;
				CLANG_WARN_DIRECT_OBJC_ISA_USAGE = YES_ERROR;
				CLANG_WARN_DOCUMENTATION_COMMENTS = YES;
				CLANG_WARN_EMPTY_BODY = YES;
				CLANG_WARN_ENUM_CONVERSION = YES;
				CLANG_WARN_INFINITE_RECURSION = YES;
				CLANG_WARN_INT_CONVERSION = YES;
				CLANG_WARN_NON_LITERAL_NULL_CONVERSION = YES;
				CLANG_WARN_OBJC_IMPLICIT_RETAIN_SELF = YES;
				CLANG_WARN_OBJC_LITERAL_CONVERSION = YES;
				CLANG_WARN_OBJC_ROOT_CLASS = YES_ERROR;
				CLANG_WARN_QUOTED_INCLUDE_IN_FRAMEWORK_HEADER = YES;
				CLANG_WARN_RANGE_LOOP_ANALYSIS = YES;
				CLANG_WARN_STRICT_PROTOTYPES = YES;
				CLANG_WARN_SUSPICIOUS_MOVE = YES;
				CLANG_WARN_UNGUARDED_AVAILABILITY = YES_AGGRESSIVE;
				CLANG_WARN_UNREACHABLE_CODE = YES;
				CLANG_WARN__DUPLICATE_METHOD_MATCH = YES;
				COPY_PHASE_STRIP = NO;
				DEBUG_INFORMATION_FORMAT = dwarf;
				ENABLE_STRICT_OBJC_MSGSEND = YES;
				ENABLE_TESTABILITY = YES;
				GCC_C_LANGUAGE_STANDARD = gnu11;
				GCC_DYNAMIC_NO_PIC = NO;
				GCC_NO_COMMON_BLOCKS = YES;
				GCC_OPTIMIZATION_LEVEL = 0;
				GCC_PREPROCESSOR_DEFINITIONS = (
					"DEBUG=1",
					"$(inherited)",
				);
				GCC_WARN_64_TO_32_BIT_CONVERSION = YES;
				GCC_WARN_ABOUT_RETURN_TYPE = YES_ERROR;
				GCC_WARN_UNDECLARED_SELECTOR = YES;
				GCC_WARN_UNINITIALIZED_AUTOS = YES_AGGRESSIVE;
				GCC_WARN_UNUSED_FUNCTION = YES;
				GCC_WARN_UNUSED_VARIABLE = YES;
				IPHONEOS_DEPLOYMENT_TARGET = 16.4;
				MTL_ENABLE_DEBUG_INFO = INCLUDE_SOURCE;
				MTL_FAST_MATH = YES;
				ONLY_ACTIVE_ARCH = YES;
				SDKROOT = iphoneos;
				SWIFT_ACTIVE_COMPILATION_CONDITIONS = DEBUG;
				SWIFT_OPTIMIZATION_LEVEL = "-Onone";
			};
			name = Debug;
		};
		80CB851F2A04F41000190274 /* Release */ = {
			isa = XCBuildConfiguration;
			buildSettings = {
				ALWAYS_SEARCH_USER_PATHS = NO;
				CLANG_ANALYZER_NONNULL = YES;
				CLANG_ANALYZER_NUMBER_OBJECT_CONVERSION = YES_AGGRESSIVE;
				CLANG_CXX_LANGUAGE_STANDARD = "gnu++20";
				CLANG_ENABLE_MODULES = YES;
				CLANG_ENABLE_OBJC_ARC = YES;
				CLANG_ENABLE_OBJC_WEAK = YES;
				CLANG_WARN_BLOCK_CAPTURE_AUTORELEASING = YES;
				CLANG_WARN_BOOL_CONVERSION = YES;
				CLANG_WARN_COMMA = YES;
				CLANG_WARN_CONSTANT_CONVERSION = YES;
				CLANG_WARN_DEPRECATED_OBJC_IMPLEMENTATIONS = YES;
				CLANG_WARN_DIRECT_OBJC_ISA_USAGE = YES_ERROR;
				CLANG_WARN_DOCUMENTATION_COMMENTS = YES;
				CLANG_WARN_EMPTY_BODY = YES;
				CLANG_WARN_ENUM_CONVERSION = YES;
				CLANG_WARN_INFINITE_RECURSION = YES;
				CLANG_WARN_INT_CONVERSION = YES;
				CLANG_WARN_NON_LITERAL_NULL_CONVERSION = YES;
				CLANG_WARN_OBJC_IMPLICIT_RETAIN_SELF = YES;
				CLANG_WARN_OBJC_LITERAL_CONVERSION = YES;
				CLANG_WARN_OBJC_ROOT_CLASS = YES_ERROR;
				CLANG_WARN_QUOTED_INCLUDE_IN_FRAMEWORK_HEADER = YES;
				CLANG_WARN_RANGE_LOOP_ANALYSIS = YES;
				CLANG_WARN_STRICT_PROTOTYPES = YES;
				CLANG_WARN_SUSPICIOUS_MOVE = YES;
				CLANG_WARN_UNGUARDED_AVAILABILITY = YES_AGGRESSIVE;
				CLANG_WARN_UNREACHABLE_CODE = YES;
				CLANG_WARN__DUPLICATE_METHOD_MATCH = YES;
				COPY_PHASE_STRIP = NO;
				DEBUG_INFORMATION_FORMAT = "dwarf-with-dsym";
				ENABLE_NS_ASSERTIONS = NO;
				ENABLE_STRICT_OBJC_MSGSEND = YES;
				GCC_C_LANGUAGE_STANDARD = gnu11;
				GCC_NO_COMMON_BLOCKS = YES;
				GCC_WARN_64_TO_32_BIT_CONVERSION = YES;
				GCC_WARN_ABOUT_RETURN_TYPE = YES_ERROR;
				GCC_WARN_UNDECLARED_SELECTOR = YES;
				GCC_WARN_UNINITIALIZED_AUTOS = YES_AGGRESSIVE;
				GCC_WARN_UNUSED_FUNCTION = YES;
				GCC_WARN_UNUSED_VARIABLE = YES;
				IPHONEOS_DEPLOYMENT_TARGET = 16.4;
				MTL_ENABLE_DEBUG_INFO = NO;
				MTL_FAST_MATH = YES;
				SDKROOT = iphoneos;
				SWIFT_COMPILATION_MODE = wholemodule;
				SWIFT_OPTIMIZATION_LEVEL = "-O";
				VALIDATE_PRODUCT = YES;
			};
			name = Release;
		};
		80CB85212A04F41000190274 /* Debug */ = {
			isa = XCBuildConfiguration;
			buildSettings = {
				ASSETCATALOG_COMPILER_APPICON_NAME = AppIcon;
				ASSETCATALOG_COMPILER_GLOBAL_ACCENT_COLOR_NAME = AccentColor;
				CODE_SIGN_STYLE = Automatic;
				CURRENT_PROJECT_VERSION = 1;
				DEVELOPMENT_ASSET_PATHS = "\"mydesignpatternapp/Preview Content\"";
				DEVELOPMENT_TEAM = LM42LS4B76;
				ENABLE_PREVIEWS = YES;
				GENERATE_INFOPLIST_FILE = YES;
				INFOPLIST_KEY_UIApplicationSceneManifest_Generation = YES;
				INFOPLIST_KEY_UIApplicationSupportsIndirectInputEvents = YES;
				INFOPLIST_KEY_UILaunchScreen_Generation = YES;
				INFOPLIST_KEY_UISupportedInterfaceOrientations_iPad = "UIInterfaceOrientationPortrait UIInterfaceOrientationPortraitUpsideDown UIInterfaceOrientationLandscapeLeft UIInterfaceOrientationLandscapeRight";
				INFOPLIST_KEY_UISupportedInterfaceOrientations_iPhone = "UIInterfaceOrientationPortrait UIInterfaceOrientationLandscapeLeft UIInterfaceOrientationLandscapeRight";
				LD_RUNPATH_SEARCH_PATHS = (
					"$(inherited)",
					"@executable_path/Frameworks",
				);
				MARKETING_VERSION = 1.0;
				PRODUCT_BUNDLE_IDENTIFIER = com.example.mydesignpatternapp;
				PRODUCT_NAME = "$(TARGET_NAME)";
				SWIFT_EMIT_LOC_STRINGS = YES;
				SWIFT_VERSION = 5.0;
				TARGETED_DEVICE_FAMILY = "1,2";
			};
			name = Debug;
		};
		80CB85222A04F41000190274 /* Release */ = {
			isa = XCBuildConfiguration;
			buildSettings = {
				ASSETCATALOG_COMPILER_APPICON_NAME = AppIcon;
				ASSETCATALOG_COMPILER_GLOBAL_ACCENT_COLOR_NAME = AccentColor;
				CODE_SIGN_STYLE = Automatic;
				CURRENT_PROJECT_VERSION = 1;
				DEVELOPMENT_ASSET_PATHS = "\"mydesignpatternapp/Preview Content\"";
				DEVELOPMENT_TEAM = LM42LS4B76;
				ENABLE_PREVIEWS = YES;
				GENERATE_INFOPLIST_FILE = YES;
				INFOPLIST_KEY_UIApplicationSceneManifest_Generation = YES;
				INFOPLIST_KEY_UIApplicationSupportsIndirectInputEvents = YES;
				INFOPLIST_KEY_UILaunchScreen_Generation = YES;
				INFOPLIST_KEY_UISupportedInterfaceOrientations_iPad = "UIInterfaceOrientationPortrait UIInterfaceOrientationPortraitUpsideDown UIInterfaceOrientationLandscapeLeft UIInterfaceOrientationLandscapeRight";
				INFOPLIST_KEY_UISupportedInterfaceOrientations_iPhone = "UIInterfaceOrientationPortrait UIInterfaceOrientationLandscapeLeft UIInterfaceOrientationLandscapeRight";
				LD_RUNPATH_SEARCH_PATHS = (
					"$(inherited)",
					"@executable_path/Frameworks",
				);
				MARKETING_VERSION = 1.0;
				PRODUCT_BUNDLE_IDENTIFIER = com.example.mydesignpatternapp;
				PRODUCT_NAME = "$(TARGET_NAME)";
				SWIFT_EMIT_LOC_STRINGS = YES;
				SWIFT_VERSION = 5.0;
				TARGETED_DEVICE_FAMILY = "1,2";
			};
			name = Release;
		};
/* End XCBuildConfiguration section */

/* Begin XCConfigurationList section */
		80CB850D2A04F40E00190274 /* Build configuration list for PBXProject "mydesignpatternapp" */ = {
			isa = XCConfigurationList;
			buildConfigurations = (
				80CB851E2A04F41000190274 /* Debug */,
				80CB851F2A04F41000190274 /* Release */,
			);
			defaultConfigurationIsVisible = 0;
			defaultConfigurationName = Release;
		};
		80CB85202A04F41000190274 /* Build configuration list for PBXNativeTarget "mydesignpatternapp" */ = {
			isa = XCConfigurationList;
			buildConfigurations = (
				80CB85212A04F41000190274 /* Debug */,
				80CB85222A04F41000190274 /* Release */,
			);
			defaultConfigurationIsVisible = 0;
			defaultConfigurationName = Release;
		};
/* End XCConfigurationList section */

/* Begin XCRemoteSwiftPackageReference section */
		80CB85262A04F59400190274 /* XCRemoteSwiftPackageReference "Alamofire" */ = {
			isa = XCRemoteSwiftPackageReference;
			repositoryURL = "https://github.com/Alamofire/Alamofire.git";
			requirement = {
				kind = upToNextMajorVersion;
				minimumVersion = 5.0.0;
			};
		};
		80CB85312A04F8B300190274 /* XCRemoteSwiftPackageReference "SwiftyJSON" */ = {
			isa = XCRemoteSwiftPackageReference;
			repositoryURL = "https://github.com/SwiftyJSON/SwiftyJSON.git";
			requirement = {
				kind = upToNextMajorVersion;
				minimumVersion = 5.0.0;
			};
		};
/* End XCRemoteSwiftPackageReference section */

/* Begin XCSwiftPackageProductDependency section */
		80CB85272A04F59400190274 /* Alamofire */ = {
			isa = XCSwiftPackageProductDependency;
			package = 80CB85262A04F59400190274 /* XCRemoteSwiftPackageReference "Alamofire" */;
			productName = Alamofire;
		};
		80CB85322A04F8B300190274 /* SwiftyJSON */ = {
			isa = XCSwiftPackageProductDependency;
			package = 80CB85312A04F8B300190274 /* XCRemoteSwiftPackageReference "SwiftyJSON" */;
			productName = SwiftyJSON;
		};
/* End XCSwiftPackageProductDependency section */
	};
	rootObject = 80CB850A2A04F40E00190274 /* Project object */;
}
